
Microsoft Visual Studio Solution File, Format Version 11.00
# Visual Studio 2010
Project("{FAE04EC0-301F-11D3-BF4B-00C04F79EFBC}") = "QD.ORM", "QD.ORM\QD.ORM.csproj", "{6723396C-38B4-4D25-A45E-9CF0791197D9}"
EndProject
Project("{FAE04EC0-301F-11D3-BF4B-00C04F79EFBC}") = "QD.Cache", "QD.Cache\QD.Cache.csproj", "{A514155B-311E-416B-8BCB-BA2F4693DD6D}"
EndProject
Project("{FAE04EC0-301F-11D3-BF4B-00C04F79EFBC}") = "QD.Found", "QD.Found\QD.Found.csproj", "{3B3C9986-48C3-4A1F-8204-13C4184B4478}"
EndProject
Project("{FAE04EC0-301F-11D3-BF4B-00C04F79EFBC}") = "QD.Logging", "QD.Logging\QD.Logging.csproj", "{8813D886-CF1B-47C0-A980-C2AD921E44AD}"
EndProject
Project("{FAE04EC0-301F-11D3-BF4B-00C04F79EFBC}") = "QD.Exception", "QD.Exception\QD.Exception.csproj", "{666A78C9-124D-4328-B7F6-07BDBB4C30C0}"
EndProject
Project("{FAE04EC0-301F-11D3-BF4B-00C04F79EFBC}") = "QD.Permission", "QD.Permission\QD.Permission.csproj", "{AB30BF10-45DF-4528-99CF-3923F98B68D0}"
EndProject
Project("{FAE04EC0-301F-11D3-BF4B-00C04F79EFBC}") = "QD.TestFx", "QD.TestFx\QD.TestFx.csproj", "{06B7AAE1-51C1-4EF1-8A8B-0A137C20B3F7}"
EndProject
Global
	GlobalSection(SolutionConfigurationPlatforms) = preSolution
		Debug|Any CPU = Debug|Any CPU
		Debug|Mixed Platforms = Debug|Mixed Platforms
		Debug|x86 = Debug|x86
		Release|Any CPU = Release|Any CPU
		Release|Mixed Platforms = Release|Mixed Platforms
		Release|x86 = Release|x86
	EndGlobalSection
	GlobalSection(ProjectConfigurationPlatforms) = postSolution
		{6723396C-38B4-4D25-A45E-9CF0791197D9}.Debug|Any CPU.ActiveCfg = Debug|Any CPU
		{6723396C-38B4-4D25-A45E-9CF0791197D9}.Debug|Any CPU.Build.0 = Debug|Any CPU
		{6723396C-38B4-4D25-A45E-9CF0791197D9}.Debug|Mixed Platforms.ActiveCfg = Debug|Any CPU
		{6723396C-38B4-4D25-A45E-9CF0791197D9}.Debug|Mixed Platforms.Build.0 = Debug|Any CPU
		{6723396C-38B4-4D25-A45E-9CF0791197D9}.Debug|x86.ActiveCfg = Debug|Any CPU
		{6723396C-38B4-4D25-A45E-9CF0791197D9}.Release|Any CPU.ActiveCfg = Release|Any CPU
		{6723396C-38B4-4D25-A45E-9CF0791197D9}.Release|Any CPU.Build.0 = Release|Any CPU
		{6723396C-38B4-4D25-A45E-9CF0791197D9}.Release|Mixed Platforms.ActiveCfg = Release|Any CPU
		{6723396C-38B4-4D25-A45E-9CF0791197D9}.Release|Mixed Platforms.Build.0 = Release|Any CPU
		{6723396C-38B4-4D25-A45E-9CF0791197D9}.Release|x86.ActiveCfg = Release|Any CPU
		{A514155B-311E-416B-8BCB-BA2F4693DD6D}.Debug|Any CPU.ActiveCfg = Debug|Any CPU
		{A514155B-311E-416B-8BCB-BA2F4693DD6D}.Debug|Any CPU.Build.0 = Debug|Any CPU
		{A514155B-311E-416B-8BCB-BA2F4693DD6D}.Debug|Mixed Platforms.ActiveCfg = Debug|Any CPU
		{A514155B-311E-416B-8BCB-BA2F4693DD6D}.Debug|Mixed Platforms.Build.0 = Debug|Any CPU
		{A514155B-311E-416B-8BCB-BA2F4693DD6D}.Debug|x86.ActiveCfg = Debug|Any CPU
		{A514155B-311E-416B-8BCB-BA2F4693DD6D}.Release|Any CPU.ActiveCfg = Release|Any CPU
		{A514155B-311E-416B-8BCB-BA2F4693DD6D}.Release|Any CPU.Build.0 = Release|Any CPU
		{A514155B-311E-416B-8BCB-BA2F4693DD6D}.Release|Mixed Platforms.ActiveCfg = Release|Any CPU
		{A514155B-311E-416B-8BCB-BA2F4693DD6D}.Release|Mixed Platforms.Build.0 = Release|Any CPU
		{A514155B-311E-416B-8BCB-BA2F4693DD6D}.Release|x86.ActiveCfg = Release|Any CPU
		{3B3C9986-48C3-4A1F-8204-13C4184B4478}.Debug|Any CPU.ActiveCfg = Debug|Any CPU
		{3B3C9986-48C3-4A1F-8204-13C4184B4478}.Debug|Any CPU.Build.0 = Debug|Any CPU
		{3B3C9986-48C3-4A1F-8204-13C4184B4478}.Debug|Mixed Platforms.ActiveCfg = Debug|Any CPU
		{3B3C9986-48C3-4A1F-8204-13C4184B4478}.Debug|Mixed Platforms.Build.0 = Debug|Any CPU
		{3B3C9986-48C3-4A1F-8204-13C4184B4478}.Debug|x86.ActiveCfg = Debug|Any CPU
		{3B3C9986-48C3-4A1F-8204-13C4184B4478}.Release|Any CPU.ActiveCfg = Release|Any CPU
		{3B3C9986-48C3-4A1F-8204-13C4184B4478}.Release|Any CPU.Build.0 = Release|Any CPU
		{3B3C9986-48C3-4A1F-8204-13C4184B4478}.Release|Mixed Platforms.ActiveCfg = Release|Any CPU
		{3B3C9986-48C3-4A1F-8204-13C4184B4478}.Release|Mixed Platforms.Build.0 = Release|Any CPU
		{3B3C9986-48C3-4A1F-8204-13C4184B4478}.Release|x86.ActiveCfg = Release|Any CPU
		{8813D886-CF1B-47C0-A980-C2AD921E44AD}.Debug|Any CPU.ActiveCfg = Debug|Any CPU
		{8813D886-CF1B-47C0-A980-C2AD921E44AD}.Debug|Any CPU.Build.0 = Debug|Any CPU
		{8813D886-CF1B-47C0-A980-C2AD921E44AD}.Debug|Mixed Platforms.ActiveCfg = Debug|Any CPU
		{8813D886-CF1B-47C0-A980-C2AD921E44AD}.Debug|Mixed Platforms.Build.0 = Debug|Any CPU
		{8813D886-CF1B-47C0-A980-C2AD921E44AD}.Debug|x86.ActiveCfg = Debug|Any CPU
		{8813D886-CF1B-47C0-A980-C2AD921E44AD}.Release|Any CPU.ActiveCfg = Release|Any CPU
		{8813D886-CF1B-47C0-A980-C2AD921E44AD}.Release|Any CPU.Build.0 = Release|Any CPU
		{8813D886-CF1B-47C0-A980-C2AD921E44AD}.Release|Mixed Platforms.ActiveCfg = Release|Any CPU
		{8813D886-CF1B-47C0-A980-C2AD921E44AD}.Release|Mixed Platforms.Build.0 = Release|Any CPU
		{8813D886-CF1B-47C0-A980-C2AD921E44AD}.Release|x86.ActiveCfg = Release|Any CPU
		{666A78C9-124D-4328-B7F6-07BDBB4C30C0}.Debug|Any CPU.ActiveCfg = Debug|Any CPU
		{666A78C9-124D-4328-B7F6-07BDBB4C30C0}.Debug|Any CPU.Build.0 = Debug|Any CPU
		{666A78C9-124D-4328-B7F6-07BDBB4C30C0}.Debug|Mixed Platforms.ActiveCfg = Debug|Any CPU
		{666A78C9-124D-4328-B7F6-07BDBB4C30C0}.Debug|Mixed Platforms.Build.0 = Debug|Any CPU
		{666A78C9-124D-4328-B7F6-07BDBB4C30C0}.Debug|x86.ActiveCfg = Debug|Any CPU
		{666A78C9-124D-4328-B7F6-07BDBB4C30C0}.Release|Any CPU.ActiveCfg = Release|Any CPU
		{666A78C9-124D-4328-B7F6-07BDBB4C30C0}.Release|Any CPU.Build.0 = Release|Any CPU
		{666A78C9-124D-4328-B7F6-07BDBB4C30C0}.Release|Mixed Platforms.ActiveCfg = Release|Any CPU
		{666A78C9-124D-4328-B7F6-07BDBB4C30C0}.Release|Mixed Platforms.Build.0 = Release|Any CPU
		{666A78C9-124D-4328-B7F6-07BDBB4C30C0}.Release|x86.ActiveCfg = Release|Any CPU
		{AB30BF10-45DF-4528-99CF-3923F98B68D0}.Debug|Any CPU.ActiveCfg = Debug|Any CPU
		{AB30BF10-45DF-4528-99CF-3923F98B68D0}.Debug|Any CPU.Build.0 = Debug|Any CPU
		{AB30BF10-45DF-4528-99CF-3923F98B68D0}.Debug|Mixed Platforms.ActiveCfg = Debug|Any CPU
		{AB30BF10-45DF-4528-99CF-3923F98B68D0}.Debug|Mixed Platforms.Build.0 = Debug|Any CPU
		{AB30BF10-45DF-4528-99CF-3923F98B68D0}.Debug|x86.ActiveCfg = Debug|Any CPU
		{AB30BF10-45DF-4528-99CF-3923F98B68D0}.Release|Any CPU.ActiveCfg = Release|Any CPU
		{AB30BF10-45DF-4528-99CF-3923F98B68D0}.Release|Any CPU.Build.0 = Release|Any CPU
		{AB30BF10-45DF-4528-99CF-3923F98B68D0}.Release|Mixed Platforms.ActiveCfg = Release|Any CPU
		{AB30BF10-45DF-4528-99CF-3923F98B68D0}.Release|Mixed Platforms.Build.0 = Release|Any CPU
		{AB30BF10-45DF-4528-99CF-3923F98B68D0}.Release|x86.ActiveCfg = Release|Any CPU
		{06B7AAE1-51C1-4EF1-8A8B-0A137C20B3F7}.Debug|Any CPU.ActiveCfg = Debug|x86
		{06B7AAE1-51C1-4EF1-8A8B-0A137C20B3F7}.Debug|Mixed Platforms.ActiveCfg = Debug|x86
		{06B7AAE1-51C1-4EF1-8A8B-0A137C20B3F7}.Debug|Mixed Platforms.Build.0 = Debug|x86
		{06B7AAE1-51C1-4EF1-8A8B-0A137C20B3F7}.Debug|x86.ActiveCfg = Debug|x86
		{06B7AAE1-51C1-4EF1-8A8B-0A137C20B3F7}.Debug|x86.Build.0 = Debug|x86
		{06B7AAE1-51C1-4EF1-8A8B-0A137C20B3F7}.Release|Any CPU.ActiveCfg = Release|x86
		{06B7AAE1-51C1-4EF1-8A8B-0A137C20B3F7}.Release|Mixed Platforms.ActiveCfg = Release|x86
		{06B7AAE1-51C1-4EF1-8A8B-0A137C20B3F7}.Release|Mixed Platforms.Build.0 = Release|x86
		{06B7AAE1-51C1-4EF1-8A8B-0A137C20B3F7}.Release|x86.ActiveCfg = Release|x86
		{06B7AAE1-51C1-4EF1-8A8B-0A137C20B3F7}.Release|x86.Build.0 = Release|x86
	EndGlobalSection
	GlobalSection(SolutionProperties) = preSolution
		HideSolutionNode = FALSE
	EndGlobalSection
EndGlobal
